
Microsoft Visual Studio Solution File, Format Version 12.00
# Visual Studio Version 17
VisualStudioVersion = 17.14.36623.8 d17.14
MinimumVisualStudioVersion = 10.0.40219.1
Project("{FAE04EC0-301F-11D3-BF4B-00C04F79EFBC}") = "ComputerWatcher", "ComputerWatcher\ComputerWatcher.csproj", "{E8D3FA02-BE43-490D-AA1B-309E4CEAB624}"
EndProject
Global
	GlobalSection(SolutionConfigurationPlatforms) = preSolution
		Debug|Any CPU = Debug|Any CPU
		Release|Any CPU = Release|Any CPU
	EndGlobalSection
	GlobalSection(ProjectConfigurationPlatforms) = postSolution
		{E8D3FA02-BE43-490D-AA1B-309E4CEAB624}.Debug|Any CPU.ActiveCfg = Debug|Any CPU
		{E8D3FA02-BE43-490D-AA1B-309E4CEAB624}.Debug|Any CPU.Build.0 = Debug|Any CPU
		{E8D3FA02-BE43-490D-AA1B-309E4CEAB624}.Release|Any CPU.ActiveCfg = Release|Any CPU
		{E8D3FA02-BE43-490D-AA1B-309E4CEAB624}.Release|Any CPU.Build.0 = Release|Any CPU
	EndGlobalSection
	GlobalSection(SolutionProperties) = preSolution
		HideSolutionNode = FALSE
	EndGlobalSection
	GlobalSection(ExtensibilityGlobals) = postSolution
		SolutionGuid = {6DD63CDC-B79D-4BCD-963C-A9D150E7CA7B}
	EndGlobalSection
EndGlobal
